
Microsoft Visual Studio Solution File, Format Version 12.00
# Visual Studio Version 16
VisualStudioVersion = 16.0.30907.101
MinimumVisualStudioVersion = 10.0.40219.1
Project("{FAE04EC0-301F-11D3-BF4B-00C04F79EFBC}") = "DiscordBot", "DiscordBot\DiscordBot.csproj", "{198E56E8-4C3A-4672-A76D-894BCB1642BC}"
EndProject
Global
	GlobalSection(SolutionConfigurationPlatforms) = preSolution
		Debug|Any CPU = Debug|Any CPU
		Release|Any CPU = Release|Any CPU
	EndGlobalSection
	GlobalSection(ProjectConfigurationPlatforms) = postSolution
		{198E56E8-4C3A-4672-A76D-894BCB1642BC}.Debug|Any CPU.ActiveCfg = Debug|Any CPU
		{198E56E8-4C3A-4672-A76D-894BCB1642BC}.Debug|Any CPU.Build.0 = Debug|Any CPU
		{198E56E8-4C3A-4672-A76D-894BCB1642BC}.Release|Any CPU.ActiveCfg = Release|Any CPU
		{198E56E8-4C3A-4672-A76D-894BCB1642BC}.Release|Any CPU.Build.0 = Release|Any CPU
	EndGlobalSection
	GlobalSection(SolutionProperties) = preSolution
		HideSolutionNode = FALSE
	EndGlobalSection
	GlobalSection(ExtensibilityGlobals) = postSolution
		SolutionGuid = {D3A08E42-6242-41F8-9A43-DB2E7BE3F4B7}
	EndGlobalSection
EndGlobal
